{
  "name": "inspatial-dev",
  "lockfileVersion": 3,
  "requires": true,
  "packages": {
    "node_modules/.deno/@rollup+pluginutils@5.2.0/node_modules/@rollup/pluginutils": {
      "version": "5.2.0",
      "extraneous": true,
      "license": "MIT",
      "dependencies": {
        "@types/estree": "^1.0.0",
        "estree-walker": "^2.0.2",
        "picomatch": "^4.0.2"
      },
      "devDependencies": {
        "@rollup/plugin-commonjs": "^23.0.0",
        "@rollup/plugin-node-resolve": "^15.0.0",
        "@rollup/plugin-typescript": "^9.0.1",
        "@types/node": "^14.18.30",
        "@types/picomatch": "^2.3.0",
        "acorn": "^8.8.0",
        "rollup": "^4.0.0-24",
        "typescript": "^4.8.3"
      },
      "engines": {
        "node": ">=14.0.0"
      },
      "peerDependencies": {
        "rollup": "^1.20.0||^2.0.0||^3.0.0||^4.0.0"
      },
      "peerDependenciesMeta": {
        "rollup": {
          "optional": true
        }
      }
    },
    "node_modules/.deno/@tailwindcss+forms@0.5.10/node_modules/@tailwindcss/forms": {
      "version": "0.5.10",
      "extraneous": true,
      "license": "MIT",
      "dependencies": {
        "mini-svg-data-uri": "^1.2.3"
      },
      "devDependencies": {
        "autoprefixer": "^10.4.6",
        "concurrently": "^5.3.0",
        "live-server": "^1.2.2",
        "postcss": "^8.4.13",
        "prettier": "^3.3.3",
        "prettier-plugin-tailwindcss": "^0.6.8",
        "tailwindcss": "^3.0.24"
      },
      "peerDependencies": {
        "tailwindcss": ">=3.0.0 || >= 3.0.0-alpha.1 || >= 4.0.0-alpha.20 || >= 4.0.0-beta.1"
      }
    },
    "node_modules/.deno/@types+node@22.15.15/node_modules/@types/node": {
      "version": "22.15.15",
      "extraneous": true,
      "license": "MIT",
      "dependencies": {
        "undici-types": "~6.21.0"
      }
    },
    "node_modules/.deno/arktype@2.1.20/node_modules/arktype": {
      "version": "2.1.20",
      "extraneous": true,
      "license": "MIT",
      "dependencies": {
        "@ark/schema": "0.46.0",
        "@ark/util": "0.46.0"
      }
    },
    "node_modules/.deno/clsx@2.1.1/node_modules/clsx": {
      "version": "2.1.1",
      "extraneous": true,
      "license": "MIT",
      "devDependencies": {
        "esm": "3.2.25",
        "terser": "4.8.0",
        "uvu": "0.5.4"
      },
      "engines": {
        "node": ">=6"
      }
    },
    "node_modules/.deno/css-select@5.1.0/node_modules/css-select": {
      "version": "5.1.0",
      "extraneous": true,
      "license": "BSD-2-Clause",
      "dependencies": {
        "boolbase": "^1.0.0",
        "css-what": "^6.1.0",
        "domhandler": "^5.0.2",
        "domutils": "^3.0.1",
        "nth-check": "^2.0.1"
      },
      "devDependencies": {
        "@types/boolbase": "^1.0.1",
        "@types/jest": "^27.4.1",
        "@types/node": "^17.0.29",
        "@typescript-eslint/eslint-plugin": "^5.21.0",
        "@typescript-eslint/parser": "^5.21.0",
        "cheerio-soupselect": "^0.1.1",
        "eslint": "^8.14.0",
        "eslint-config-prettier": "^8.5.0",
        "htmlparser2": "^8.0.0",
        "jest": "^27.5.1",
        "prettier": "^2.6.2",
        "ts-jest": "^27.1.4",
        "typescript": "^4.6.3"
      },
      "funding": {
        "url": "https://github.com/sponsors/fb55"
      }
    },
    "node_modules/.deno/highlight.js@11.10.0/node_modules/highlight.js": {
      "version": "11.10.0",
      "extraneous": true,
      "license": "BSD-3-Clause",
      "devDependencies": {
        "@colors/colors": "^1.6.0",
        "@rollup/plugin-commonjs": "^26.0.1",
        "@rollup/plugin-json": "^6.0.1",
        "@rollup/plugin-node-resolve": "^15.2.3",
        "@types/mocha": "^10.0.2",
        "@typescript-eslint/eslint-plugin": "^7.15.0",
        "@typescript-eslint/parser": "^7.15.0",
        "clean-css": "^5.3.2",
        "cli-table": "^0.3.1",
        "commander": "^12.1.0",
        "css": "^3.0.0",
        "css-color-names": "^1.0.1",
        "deep-freeze-es6": "^3.0.2",
        "del": "^7.1.0",
        "dependency-resolver": "^2.0.1",
        "eslint": "^8.57.0",
        "eslint-config-standard": "^17.1.0",
        "eslint-plugin-import": "^2.28.1",
        "eslint-plugin-node": "^11.1.0",
        "eslint-plugin-promise": "^6.1.1",
        "glob": "^8.1.0",
        "glob-promise": "^6.0.5",
        "handlebars": "^4.7.8",
        "http-server": "^14.1.1",
        "jsdom": "^24.1.0",
        "lodash": "^4.17.20",
        "mocha": "^10.2.0",
        "refa": "^0.4.1",
        "rollup": "^4.0.2",
        "should": "^13.2.3",
        "terser": "^5.21.0",
        "tiny-worker": "^2.3.0",
        "typescript": "^5.2.2",
        "wcag-contrast": "^3.0.0"
      },
      "engines": {
        "node": ">=12.0.0"
      }
    },
    "node_modules/.deno/tailwind-merge@2.6.0/node_modules/tailwind-merge": {
      "version": "2.6.0",
      "extraneous": true,
      "license": "MIT",
      "devDependencies": {
        "@babel/core": "^7.26.0",
        "@babel/preset-env": "^7.26.0",
        "@codspeed/vitest-plugin": "^4.0.0",
        "@rollup/plugin-babel": "^6.0.4",
        "@rollup/plugin-node-resolve": "^16.0.0",
        "@rollup/plugin-typescript": "^12.1.1",
        "@vitest/coverage-v8": "^2.1.8",
        "@vitest/eslint-plugin": "^1.1.14",
        "babel-plugin-annotate-pure-calls": "^0.4.0",
        "babel-plugin-polyfill-regenerator": "^0.6.3",
        "eslint": "^9.16.0",
        "eslint-plugin-import": "^2.31.0",
        "globby": "^11.1.0",
        "prettier": "^3.4.2",
        "rollup": "^4.28.1",
        "rollup-plugin-delete": "^2.1.0",
        "rollup-plugin-dts": "^6.1.1",
        "tslib": "^2.8.1",
        "typescript": "^5.7.2",
        "typescript-eslint": "^8.17.0",
        "vitest": "^2.1.8",
        "zx": "^8.2.4"
      },
      "funding": {
        "type": "github",
        "url": "https://github.com/sponsors/dcastil"
      }
    },
    "node_modules/.deno/tailwind-scrollbar@3.1.0/node_modules/tailwind-scrollbar": {
      "version": "3.1.0",
      "extraneous": true,
      "license": "MIT",
      "devDependencies": {
        "cross-env": "^7.0.3",
        "eslint": "^8.23.0",
        "eslint-config-airbnb-base": "^15.0.0",
        "eslint-plugin-import": "^2.23.3",
        "eslint-plugin-jest": "^27.0.1",
        "eslint-plugin-jsdoc": "^44.2.3",
        "husky": "^8.0.1",
        "jest": "^29.0.1",
        "lodash": "^4.17.20",
        "postcss": "^8.2.4",
        "typescript": "^5.0.4"
      },
      "engines": {
        "node": ">=12.13.0"
      },
      "peerDependencies": {
        "tailwindcss": "3.x"
      }
    },
    "node_modules/.deno/tailwind-variants@0.2.1/node_modules/tailwind-variants": {
      "version": "0.2.1",
      "extraneous": true,
      "license": "MIT",
      "dependencies": {
        "tailwind-merge": "^2.2.0"
      },
      "devDependencies": {
        "@commitlint/cli": "^17.2.0",
        "@commitlint/config-conventional": "^17.2.0",
        "@jest/globals": "^29.7.0",
        "@swc-node/jest": "^1.5.2",
        "@swc/cli": "0.1.57",
        "@swc/core": "1.2.198",
        "@swc/helpers": "^0.4.14",
        "@types/jest": "28.1.1",
        "@types/node": "^18.11.18",
        "@typescript-eslint/eslint-plugin": "^5.42.0",
        "@typescript-eslint/parser": "^5.42.0",
        "benchmark": "2.1.4",
        "clean-package": "2.1.1",
        "eslint": "^7.29.0",
        "eslint-config-prettier": "^8.2.0",
        "eslint-config-ts-lambdas": "^1.2.3",
        "eslint-import-resolver-typescript": "^2.4.0",
        "eslint-loader": "^4.0.2",
        "eslint-plugin-import": "^2.26.0",
        "eslint-plugin-jest": "^24.3.6",
        "eslint-plugin-node": "^11.1.0",
        "eslint-plugin-prettier": "^4.0.0",
        "eslint-plugin-promise": "^6.0.0",
        "expect": "^29.7.0",
        "jest": "28.1.1",
        "prettier": "^2.2.1",
        "prettier-eslint": "^12.0.0",
        "prettier-eslint-cli": "^5.0.1",
        "tailwindcss": "^3.2.7",
        "ts-node": "^10.9.1",
        "tslib": "^2.4.1",
        "tsup": "6.6.3",
        "typescript": "5.1.3",
        "webpack": "^5.53.0"
      },
      "engines": {
        "node": ">=16.x",
        "pnpm": ">=7.x"
      },
      "peerDependencies": {
        "tailwindcss": "*"
      }
    },
    "node_modules/.deno/tailwindcss@4.0.0/node_modules/tailwindcss": {
      "version": "4.0.0",
      "extraneous": true,
      "license": "MIT",
      "devDependencies": {
        "@tailwindcss/oxide": "^4.0.0",
        "@types/node": "^20.14.8",
        "dedent": "1.5.3",
        "lightningcss": "^1.29.1"
      }
    },
    "node_modules/.deno/vite@7.0.5/node_modules/vite": {
      "version": "7.0.5",
      "extraneous": true,
      "license": "MIT",
      "dependencies": {
        "esbuild": "^0.25.0",
        "fdir": "^6.4.6",
        "picomatch": "^4.0.2",
        "postcss": "^8.5.6",
        "rollup": "^4.40.0",
        "tinyglobby": "^0.2.14"
      },
      "bin": {
        "vite": "bin/vite.js"
      },
      "devDependencies": {
        "@ampproject/remapping": "^2.3.0",
        "@babel/parser": "^7.28.0",
        "@jridgewell/trace-mapping": "^0.3.29",
        "@oxc-project/types": "0.77.0",
        "@polka/compression": "^1.0.0-next.25",
        "@rollup/plugin-alias": "^5.1.1",
        "@rollup/plugin-commonjs": "^28.0.6",
        "@rollup/plugin-dynamic-import-vars": "2.1.4",
        "@rollup/pluginutils": "^5.2.0",
        "@types/escape-html": "^1.0.4",
        "@types/pnpapi": "^0.0.5",
        "artichokie": "^0.3.2",
        "baseline-browser-mapping": "^2.5.3",
        "cac": "^6.7.14",
        "chokidar": "^3.6.0",
        "connect": "^3.7.0",
        "convert-source-map": "^2.0.0",
        "cors": "^2.8.5",
        "cross-spawn": "^7.0.6",
        "debug": "^4.4.1",
        "dep-types": "link:./src/types",
        "dotenv": "^17.2.0",
        "dotenv-expand": "^12.0.2",
        "es-module-lexer": "^1.7.0",
        "escape-html": "^1.0.3",
        "estree-walker": "^3.0.3",
        "etag": "^1.8.1",
        "host-validation-middleware": "^0.1.1",
        "http-proxy": "^1.18.1",
        "launch-editor-middleware": "^2.10.0",
        "lightningcss": "^1.30.1",
        "magic-string": "^0.30.17",
        "mlly": "^1.7.4",
        "mrmime": "^2.0.1",
        "nanoid": "^5.1.5",
        "open": "^10.2.0",
        "parse5": "^7.3.0",
        "pathe": "^2.0.3",
        "periscopic": "^4.0.2",
        "picocolors": "^1.1.1",
        "postcss-import": "^16.1.1",
        "postcss-load-config": "^6.0.1",
        "postcss-modules": "^6.0.1",
        "premove": "^4.0.0",
        "resolve.exports": "^2.0.3",
        "rolldown": "^1.0.0-beta.27",
        "rolldown-plugin-dts": "^0.13.13",
        "rollup-plugin-license": "^3.6.0",
        "sass": "^1.89.2",
        "sass-embedded": "^1.89.2",
        "sirv": "^3.0.1",
        "strip-literal": "^3.0.0",
        "terser": "^5.43.1",
        "tsconfck": "^3.1.6",
        "types": "link:./types",
        "ufo": "^1.6.1",
        "ws": "^8.18.3"
      },
      "engines": {
        "node": "^20.19.0 || >=22.12.0"
      },
      "funding": {
        "url": "https://github.com/vitejs/vite?sponsor=1"
      },
      "optionalDependencies": {
        "fsevents": "~2.3.3"
      },
      "peerDependencies": {
        "@types/node": "^20.19.0 || >=22.12.0",
        "jiti": ">=1.21.0",
        "less": "^4.0.0",
        "lightningcss": "^1.21.0",
        "sass": "^1.70.0",
        "sass-embedded": "^1.70.0",
        "stylus": ">=0.54.8",
        "sugarss": "^5.0.0",
        "terser": "^5.16.0",
        "tsx": "^4.8.1",
        "yaml": "^2.4.2"
      },
      "peerDependenciesMeta": {
        "@types/node": {
          "optional": true
        },
        "jiti": {
          "optional": true
        },
        "less": {
          "optional": true
        },
        "lightningcss": {
          "optional": true
        },
        "sass": {
          "optional": true
        },
        "sass-embedded": {
          "optional": true
        },
        "stylus": {
          "optional": true
        },
        "sugarss": {
          "optional": true
        },
        "terser": {
          "optional": true
        },
        "tsx": {
          "optional": true
        },
        "yaml": {
          "optional": true
        }
      }
    }
  }
}
